Microsoft Visual Studio Solution File, Format Version 12.00
# Visual Studio Version 17
VisualStudioVersion = 17.5.2.0
MinimumVisualStudioVersion = 10.0.40219.1
Project("{FAE04EC0-301F-11D3-BF4B-00C04F79EFBC}") = "tarea4_DiagramaSistemaContinuo", "tarea4_DiagramaSistemaContinuo\tarea4_DiagramaSistemaContinuo.csproj", "{1471E21B-EE4B-AD5D-961F-92E85CA59EB8}"
EndProject
Global
	GlobalSection(SolutionConfigurationPlatforms) = preSolution
		Debug|Any CPU = Debug|Any CPU
		Release|Any CPU = Release|Any CPU
	EndGlobalSection
	GlobalSection(ProjectConfigurationPlatforms) = postSolution
		{1471E21B-EE4B-AD5D-961F-92E85CA59EB8}.Debug|Any CPU.ActiveCfg = Debug|Any CPU
		{1471E21B-EE4B-AD5D-961F-92E85CA59EB8}.Debug|Any CPU.Build.0 = Debug|Any CPU
		{1471E21B-EE4B-AD5D-961F-92E85CA59EB8}.Release|Any CPU.ActiveCfg = Release|Any CPU
		{1471E21B-EE4B-AD5D-961F-92E85CA59EB8}.Release|Any CPU.Build.0 = Release|Any CPU
	EndGlobalSection
	GlobalSection(SolutionProperties) = preSolution
		HideSolutionNode = FALSE
	EndGlobalSection
	GlobalSection(ExtensibilityGlobals) = postSolution
		SolutionGuid = {A562F8AB-7176-4BE4-BFDB-24A19319C77A}
	EndGlobalSection
EndGlobal
